
Microsoft Visual Studio Solution File, Format Version 12.00
# Visual Studio Version 17
VisualStudioVersion = 17.9.34723.18
MinimumVisualStudioVersion = 10.0.40219.1
Project("{9A19103F-16F7-4668-BE54-9A1E7A4F7556}") = "SiliconWebApi", "SiliconWebApi\SiliconWebApi.csproj", "{4ED31A06-5EFD-4AE7-AD25-91A15F6E8204}"
EndProject
Project("{FAE04EC0-301F-11D3-BF4B-00C04F79EFBC}") = "Infrastructure", "Infrastructure\Infrastructure.csproj", "{5C7436B2-1A67-4141-A9FA-88B68FFC6F03}"
EndProject
Global
	GlobalSection(SolutionConfigurationPlatforms) = preSolution
		Debug|Any CPU = Debug|Any CPU
		Release|Any CPU = Release|Any CPU
	EndGlobalSection
	GlobalSection(ProjectConfigurationPlatforms) = postSolution
		{4ED31A06-5EFD-4AE7-AD25-91A15F6E8204}.Debug|Any CPU.ActiveCfg = Debug|Any CPU
		{4ED31A06-5EFD-4AE7-AD25-91A15F6E8204}.Debug|Any CPU.Build.0 = Debug|Any CPU
		{4ED31A06-5EFD-4AE7-AD25-91A15F6E8204}.Release|Any CPU.ActiveCfg = Release|Any CPU
		{4ED31A06-5EFD-4AE7-AD25-91A15F6E8204}.Release|Any CPU.Build.0 = Release|Any CPU
		{5C7436B2-1A67-4141-A9FA-88B68FFC6F03}.Debug|Any CPU.ActiveCfg = Debug|Any CPU
		{5C7436B2-1A67-4141-A9FA-88B68FFC6F03}.Debug|Any CPU.Build.0 = Debug|Any CPU
		{5C7436B2-1A67-4141-A9FA-88B68FFC6F03}.Release|Any CPU.ActiveCfg = Release|Any CPU
		{5C7436B2-1A67-4141-A9FA-88B68FFC6F03}.Release|Any CPU.Build.0 = Release|Any CPU
	EndGlobalSection
	GlobalSection(SolutionProperties) = preSolution
		HideSolutionNode = FALSE
	EndGlobalSection
	GlobalSection(ExtensibilityGlobals) = postSolution
		SolutionGuid = {A8C2C5DB-CCB6-4570-99C0-080EF7399D09}
	EndGlobalSection
EndGlobal
